<?xml version="1.0" encoding="utf-8"?>
<Project ToolsVersion="4.0" xmlns="http://schemas.microsoft.com/developer/msbuild/2003">
  <ItemGroup>
    <Filter Include="Source Files">
      <UniqueIdentifier>{4FC737F1-C7A5-4376-A066-2A32D752A2FF}</UniqueIdentifier>
      <Extensions>cpp;c;cc;cxx;def;odl;idl;hpj;bat;asm;asmx</Extensions>
    </Filter>
    <Filter Include="Header Files">
      <UniqueIdentifier>{93995380-89BD-4b04-88EB-625FBE52EBFB}</UniqueIdentifier>
      <Extensions>h;hh;hpp;hxx;hm;inl;inc;xsd</Extensions>
    </Filter>
    <Filter Include="Resource Files">
      <UniqueIdentifier>{67DA6AB6-F800-4c08-8B7A-83BB121AAD01}</UniqueIdentifier>
      <Extensions>rc;ico;cur;bmp;dlg;rc2;rct;bin;rgs;gif;jpg;jpeg;jpe;resx;tiff;tif;png;wav;mfcribbon-ms</Extensions>
    </Filter>
    <Filter Include="Header Files\content">
      <UniqueIdentifier>{a095ca78-d0fa-47cd-ac6d-306f4b7ea492}</UniqueIdentifier>
    </Filter>
    <Filter Include="Source Files\content">
      <UniqueIdentifier>{d0a30c12-700a-4d99-a846-7ece3c7c7f31}</UniqueIdentifier>
    </Filter>
    <Filter Include="Header Files\devkit">
      <UniqueIdentifier>{5c37a3d5-8e73-4c35-a314-2edff7ede5ff}</UniqueIdentifier>
    </Filter>
    <Filter Include="Source Files\devkit">
      <UniqueIdentifier>{6ca8d193-6706-4fcf-984a-3899f49acde1}</UniqueIdentifier>
    </Filter>
    <Filter Include="Header Files\engine">
      <UniqueIdentifier>{39fd4aa4-afa5-4732-a857-bab4e8f84b5e}</UniqueIdentifier>
    </Filter>
    <Filter Include="Source Files\engine">
      <UniqueIdentifier>{9d7c2522-7f92-437e-bb8c-af37660bd180}</UniqueIdentifier>
    </Filter>
    <Filter Include="Header Files\screen">
      <UniqueIdentifier>{7063d89a-378b-415b-8d6e-91695619f2ef}</UniqueIdentifier>
    </Filter>
    <Filter Include="Source Files\screen">
      <UniqueIdentifier>{62cbef76-a6a7-4bc8-8c26-eb1424d1fceb}</UniqueIdentifier>
    </Filter>
    <Filter Include="Header Files\banks">
      <UniqueIdentifier>{66563971-60b4-43e5-a6db-415c4a71353b}</UniqueIdentifier>
    </Filter>
    <Filter Include="Source Files\banks">
      <UniqueIdentifier>{a2f42c21-ad1d-42ef-80c4-5d40a56e6cf8}</UniqueIdentifier>
    </Filter>
    <Filter Include="Header Files\object">
      <UniqueIdentifier>{bc1df177-54a5-4b92-b1be-089d216d8e17}</UniqueIdentifier>
    </Filter>
    <Filter Include="Source Files\object">
      <UniqueIdentifier>{a211e33e-727e-4e9b-bfee-4f587f09b61e}</UniqueIdentifier>
    </Filter>
  </ItemGroup>
  <ItemGroup>
    <ClCompile Include="main.c">
      <Filter>Source Files</Filter>
    </ClCompile>
    <ClCompile Include="devkit\_sms_manager.c">
      <Filter>Source Files\devkit</Filter>
    </ClCompile>
    <ClCompile Include="devkit\_snd_manager.c">
      <Filter>Source Files\devkit</Filter>
    </ClCompile>
    <ClCompile Include="engine\asm_manager.c">
      <Filter>Source Files\engine</Filter>
    </ClCompile>
    <ClCompile Include="game.c">
      <Filter>Source Files</Filter>
    </ClCompile>
    <ClCompile Include="engine\input_manager.c">
      <Filter>Source Files\engine</Filter>
    </ClCompile>
    <ClCompile Include="engine\enum_manager.c">
      <Filter>Source Files\engine</Filter>
    </ClCompile>
    <ClCompile Include="engine\content_manager.c">
      <Filter>Source Files\engine</Filter>
    </ClCompile>
    <ClCompile Include="engine\screen_manager.c">
      <Filter>Source Files\engine</Filter>
    </ClCompile>
    <ClCompile Include="screen\none_screen.c">
      <Filter>Source Files\screen</Filter>
    </ClCompile>
    <ClCompile Include="screen\splash_screen.c">
      <Filter>Source Files\screen</Filter>
    </ClCompile>
    <ClCompile Include="gfx.c">
      <Filter>Source Files\content</Filter>
    </ClCompile>
    <ClCompile Include="engine\font_manager.c">
      <Filter>Source Files\engine</Filter>
    </ClCompile>
    <ClCompile Include="engine\global_manager.c">
      <Filter>Source Files\engine</Filter>
    </ClCompile>
    <ClCompile Include="banks\bank2.c">
      <Filter>Source Files\banks</Filter>
    </ClCompile>
    <ClCompile Include="banks\bank3.c">
      <Filter>Source Files\banks</Filter>
    </ClCompile>
    <ClCompile Include="banks\bank4.c">
      <Filter>Source Files\banks</Filter>
    </ClCompile>
    <ClCompile Include="banks\bank5.c">
      <Filter>Source Files\banks</Filter>
    </ClCompile>
    <ClCompile Include="banks\bank6.c">
      <Filter>Source Files\banks</Filter>
    </ClCompile>
    <ClCompile Include="banks\bank7.c">
      <Filter>Source Files\banks</Filter>
    </ClCompile>
    <ClCompile Include="banks\bank8.c">
      <Filter>Source Files\banks</Filter>
    </ClCompile>
    <ClCompile Include="banks\bank9.c">
      <Filter>Source Files\banks</Filter>
    </ClCompile>
    <ClCompile Include="banks\bank10.c">
      <Filter>Source Files\banks</Filter>
    </ClCompile>
    <ClCompile Include="banks\bank11.c">
      <Filter>Source Files\banks</Filter>
    </ClCompile>
    <ClCompile Include="banks\bank12.c">
      <Filter>Source Files\banks</Filter>
    </ClCompile>
    <ClCompile Include="banks\bank13.c">
      <Filter>Source Files\banks</Filter>
    </ClCompile>
    <ClCompile Include="banks\bank14.c">
      <Filter>Source Files\banks</Filter>
    </ClCompile>
    <ClCompile Include="banks\bank15.c">
      <Filter>Source Files\banks</Filter>
    </ClCompile>
    <ClCompile Include="screen\record_screen.c">
      <Filter>Source Files\screen</Filter>
    </ClCompile>
    <ClCompile Include="screen\select_screen.c">
      <Filter>Source Files\screen</Filter>
    </ClCompile>
    <ClCompile Include="screen\title_screen.c">
      <Filter>Source Files\screen</Filter>
    </ClCompile>
    <ClCompile Include="engine\locale_manager.c">
      <Filter>Source Files\engine</Filter>
    </ClCompile>
    <ClCompile Include="object\record_object.c">
      <Filter>Source Files\object</Filter>
    </ClCompile>
    <ClCompile Include="engine\record_manager.c">
      <Filter>Source Files\engine</Filter>
    </ClCompile>
    <ClCompile Include="psg.c">
      <Filter>Source Files\content</Filter>
    </ClCompile>
    <ClCompile Include="engine\audio_manager.c">
      <Filter>Source Files\engine</Filter>
    </ClCompile>
    <ClCompile Include="engine\storage_manager.c">
      <Filter>Source Files\engine</Filter>
    </ClCompile>
    <ClCompile Include="object\storage_object.c">
      <Filter>Source Files\object</Filter>
    </ClCompile>
    <ClCompile Include="object\cursor_object.c">
      <Filter>Source Files\object</Filter>
    </ClCompile>
    <ClCompile Include="screen\scroll_screen.c">
      <Filter>Source Files\screen</Filter>
    </ClCompile>
    <ClCompile Include="engine\cursor_manager.c">
      <Filter>Source Files\engine</Filter>
    </ClCompile>
    <ClCompile Include="object\timer_object.c">
      <Filter>Source Files\object</Filter>
    </ClCompile>
    <ClCompile Include="engine\timer_manager.c">
      <Filter>Source Files\engine</Filter>
    </ClCompile>
    <ClCompile Include="engine\scroll_manager.c">
      <Filter>Source Files\engine</Filter>
    </ClCompile>
    <ClCompile Include="object\scroll_object.c">
      <Filter>Source Files\object</Filter>
    </ClCompile>
  </ItemGroup>
  <ItemGroup>
    <ClInclude Include="main.h">
      <Filter>Header Files</Filter>
    </ClInclude>
    <ClInclude Include="devkit\_sms_manager.h">
      <Filter>Header Files\devkit</Filter>
    </ClInclude>
    <ClInclude Include="devkit\_snd_manager.h">
      <Filter>Header Files\devkit</Filter>
    </ClInclude>
    <ClInclude Include="engine\asm_manager.h">
      <Filter>Header Files\engine</Filter>
    </ClInclude>
    <ClInclude Include="game.h">
      <Filter>Header Files</Filter>
    </ClInclude>
    <ClInclude Include="engine\input_manager.h">
      <Filter>Header Files\engine</Filter>
    </ClInclude>
    <ClInclude Include="engine\enum_manager.h">
      <Filter>Header Files\engine</Filter>
    </ClInclude>
    <ClInclude Include="engine\content_manager.h">
      <Filter>Header Files\engine</Filter>
    </ClInclude>
    <ClInclude Include="engine\screen_manager.h">
      <Filter>Header Files\engine</Filter>
    </ClInclude>
    <ClInclude Include="screen\none_screen.h">
      <Filter>Header Files\screen</Filter>
    </ClInclude>
    <ClInclude Include="screen\splash_screen.h">
      <Filter>Header Files\screen</Filter>
    </ClInclude>
    <ClInclude Include="gfx.h">
      <Filter>Header Files\content</Filter>
    </ClInclude>
    <ClInclude Include="engine\font_manager.h">
      <Filter>Header Files\engine</Filter>
    </ClInclude>
    <ClInclude Include="engine\global_manager.h">
      <Filter>Header Files\engine</Filter>
    </ClInclude>
    <ClInclude Include="banks\bank2.h">
      <Filter>Header Files\banks</Filter>
    </ClInclude>
    <ClInclude Include="banks\bank3.h">
      <Filter>Header Files\banks</Filter>
    </ClInclude>
    <ClInclude Include="banks\bank4.h">
      <Filter>Header Files\banks</Filter>
    </ClInclude>
    <ClInclude Include="banks\bank5.h">
      <Filter>Header Files\banks</Filter>
    </ClInclude>
    <ClInclude Include="banks\bank6.h">
      <Filter>Header Files\banks</Filter>
    </ClInclude>
    <ClInclude Include="banks\bank7.h">
      <Filter>Header Files\banks</Filter>
    </ClInclude>
    <ClInclude Include="banks\bank8.h">
      <Filter>Header Files\banks</Filter>
    </ClInclude>
    <ClInclude Include="banks\bank9.h">
      <Filter>Header Files\banks</Filter>
    </ClInclude>
    <ClInclude Include="banks\bank10.h">
      <Filter>Header Files\banks</Filter>
    </ClInclude>
    <ClInclude Include="banks\bank11.h">
      <Filter>Header Files\banks</Filter>
    </ClInclude>
    <ClInclude Include="banks\bank12.h">
      <Filter>Header Files\banks</Filter>
    </ClInclude>
    <ClInclude Include="banks\bank13.h">
      <Filter>Header Files\banks</Filter>
    </ClInclude>
    <ClInclude Include="banks\bank14.h">
      <Filter>Header Files\banks</Filter>
    </ClInclude>
    <ClInclude Include="banks\bank15.h">
      <Filter>Header Files\banks</Filter>
    </ClInclude>
    <ClInclude Include="screen\record_screen.h">
      <Filter>Header Files\screen</Filter>
    </ClInclude>
    <ClInclude Include="screen\select_screen.h">
      <Filter>Header Files\screen</Filter>
    </ClInclude>
    <ClInclude Include="screen\title_screen.h">
      <Filter>Header Files\screen</Filter>
    </ClInclude>
    <ClInclude Include="engine\locale_manager.h">
      <Filter>Header Files\engine</Filter>
    </ClInclude>
    <ClInclude Include="object\record_object.h">
      <Filter>Header Files\object</Filter>
    </ClInclude>
    <ClInclude Include="engine\record_manager.h">
      <Filter>Header Files\engine</Filter>
    </ClInclude>
    <ClInclude Include="psg.h">
      <Filter>Header Files\content</Filter>
    </ClInclude>
    <ClInclude Include="engine\audio_manager.h">
      <Filter>Header Files\engine</Filter>
    </ClInclude>
    <ClInclude Include="engine\storage_manager.h">
      <Filter>Header Files\engine</Filter>
    </ClInclude>
    <ClInclude Include="object\storage_object.h">
      <Filter>Header Files\object</Filter>
    </ClInclude>
    <ClInclude Include="object\cursor_object.h">
      <Filter>Header Files\object</Filter>
    </ClInclude>
    <ClInclude Include="screen\scroll_screen.h">
      <Filter>Header Files\screen</Filter>
    </ClInclude>
    <ClInclude Include="engine\cursor_manager.h">
      <Filter>Header Files\engine</Filter>
    </ClInclude>
    <ClInclude Include="object\timer_object.h">
      <Filter>Header Files\object</Filter>
    </ClInclude>
    <ClInclude Include="engine\timer_manager.h">
      <Filter>Header Files\engine</Filter>
    </ClInclude>
    <ClInclude Include="engine\scroll_manager.h">
      <Filter>Header Files\engine</Filter>
    </ClInclude>
    <ClInclude Include="object\scroll_object.h">
      <Filter>Header Files\object</Filter>
    </ClInclude>
  </ItemGroup>
  <ItemGroup>
    <None Include="build.bat">
      <Filter>Resource Files</Filter>
    </None>
  </ItemGroup>
</Project>